
Microsoft Visual Studio Solution File, Format Version 12.00
# Visual Studio 14
VisualStudioVersion = 14.0.25420.1
MinimumVisualStudioVersion = 10.0.40219.1
Project("{FAE04EC0-301F-11D3-BF4B-00C04F79EFBC}") = "TrackerLibrary", "TrackerLibrary\TrackerLibrary.csproj", "{FB15B98B-F7AA-47BB-89CE-8AFC2C2D3287}"
EndProject
Project("{FAE04EC0-301F-11D3-BF4B-00C04F79EFBC}") = "TrackerUI", "TrackerUI\TrackerUI.csproj", "{B4B9F677-CE58-493E-A289-4941118EBAAF}"
EndProject
Global
	GlobalSection(SolutionConfigurationPlatforms) = preSolution
		Debug|Any CPU = Debug|Any CPU
		Release|Any CPU = Release|Any CPU
	EndGlobalSection
	GlobalSection(ProjectConfigurationPlatforms) = postSolution
		{FB15B98B-F7AA-47BB-89CE-8AFC2C2D3287}.Debug|Any CPU.ActiveCfg = Debug|Any CPU
		{FB15B98B-F7AA-47BB-89CE-8AFC2C2D3287}.Debug|Any CPU.Build.0 = Debug|Any CPU
		{FB15B98B-F7AA-47BB-89CE-8AFC2C2D3287}.Release|Any CPU.ActiveCfg = Release|Any CPU
		{FB15B98B-F7AA-47BB-89CE-8AFC2C2D3287}.Release|Any CPU.Build.0 = Release|Any CPU
		{B4B9F677-CE58-493E-A289-4941118EBAAF}.Debug|Any CPU.ActiveCfg = Debug|Any CPU
		{B4B9F677-CE58-493E-A289-4941118EBAAF}.Debug|Any CPU.Build.0 = Debug|Any CPU
		{B4B9F677-CE58-493E-A289-4941118EBAAF}.Release|Any CPU.ActiveCfg = Release|Any CPU
		{B4B9F677-CE58-493E-A289-4941118EBAAF}.Release|Any CPU.Build.0 = Release|Any CPU
	EndGlobalSection
	GlobalSection(SolutionProperties) = preSolution
		HideSolutionNode = FALSE
	EndGlobalSection
EndGlobal
